
Microsoft Visual Studio Solution File, Format Version 12.00
# Visual Studio Version 17
VisualStudioVersion = 17.6.33723.286
MinimumVisualStudioVersion = 10.0.40219.1
Project("{FAE04EC0-301F-11D3-BF4B-00C04F79EFBC}") = "ConsoleApp1", "ConsoleApp1\ConsoleApp1.csproj", "{733361AC-A715-4AA3-A5C1-6B292339EF6A}"
EndProject
Global
	GlobalSection(SolutionConfigurationPlatforms) = preSolution
		Debug|Any CPU = Debug|Any CPU
		Release|Any CPU = Release|Any CPU
	EndGlobalSection
	GlobalSection(ProjectConfigurationPlatforms) = postSolution
		{733361AC-A715-4AA3-A5C1-6B292339EF6A}.Debug|Any CPU.ActiveCfg = Debug|Any CPU
		{733361AC-A715-4AA3-A5C1-6B292339EF6A}.Debug|Any CPU.Build.0 = Debug|Any CPU
		{733361AC-A715-4AA3-A5C1-6B292339EF6A}.Release|Any CPU.ActiveCfg = Release|Any CPU
		{733361AC-A715-4AA3-A5C1-6B292339EF6A}.Release|Any CPU.Build.0 = Release|Any CPU
	EndGlobalSection
	GlobalSection(SolutionProperties) = preSolution
		HideSolutionNode = FALSE
	EndGlobalSection
	GlobalSection(ExtensibilityGlobals) = postSolution
		SolutionGuid = {AF10FB85-F9D3-46B4-93D0-412902E588CB}
	EndGlobalSection
EndGlobal
